
Microsoft Visual Studio Solution File, Format Version 11.00
# Visual Studio 2010
Project("{FAE04EC0-301F-11D3-BF4B-00C04F79EFBC}") = "View", "Gnote\View.csproj", "{A964EF6F-EE7B-4B2C-B205-9A47CDEB409F}"
EndProject
Global
	GlobalSection(SolutionConfigurationPlatforms) = preSolution
		Debug|x86 = Debug|x86
		Release|x86 = Release|x86
	EndGlobalSection
	GlobalSection(ProjectConfigurationPlatforms) = postSolution
		{A964EF6F-EE7B-4B2C-B205-9A47CDEB409F}.Debug|x86.ActiveCfg = Debug|x86
		{A964EF6F-EE7B-4B2C-B205-9A47CDEB409F}.Debug|x86.Build.0 = Debug|x86
		{A964EF6F-EE7B-4B2C-B205-9A47CDEB409F}.Release|x86.ActiveCfg = Release|x86
		{A964EF6F-EE7B-4B2C-B205-9A47CDEB409F}.Release|x86.Build.0 = Release|x86
	EndGlobalSection
	GlobalSection(SolutionProperties) = preSolution
		HideSolutionNode = FALSE
	EndGlobalSection
EndGlobal
